// !$*UTF8*$!
{
	archiveVersion = 1;
	classes = {
	};
	objectVersion = 46;
	objects = {

/* Begin PBXBuildFile section */
		B65FCC221AB00FA900620174 /* main.m in Sources */ = {isa = PBXBuildFile; fileRef = B65FCC211AB00FA900620174 /* main.m */; };
		B65FCC251AB00FA900620174 /* AppDelegate.m in Sources */ = {isa = PBXBuildFile; fileRef = B65FCC241AB00FA900620174 /* AppDelegate.m */; };
		B65FCC281AB00FA900620174 /* ViewController.m in Sources */ = {isa = PBXBuildFile; fileRef = B65FCC271AB00FA900620174 /* ViewController.m */; };
		B65FCC2B1AB00FA900620174 /* Main.storyboard in Resources */ = {isa = PBXBuildFile; fileRef = B65FCC291AB00FA900620174 /* Main.storyboard */; };
		B65FCC2D1AB00FA900620174 /* Images.xcassets in Resources */ = {isa = PBXBuildFile; fileRef = B65FCC2C1AB00FA900620174 /* Images.xcassets */; };
		B65FCC301AB00FA900620174 /* LaunchScreen.xib in Resources */ = {isa = PBXBuildFile; fileRef = B65FCC2E1AB00FA900620174 /* LaunchScreen.xib */; };
		B65FCC3C1AB00FA900620174 /* LEDIndustryTests.m in Sources */ = {isa = PBXBuildFile; fileRef = B65FCC3B1AB00FA900620174 /* LEDIndustryTests.m */; };
		B65FCC841AB0389B00620174 /* SlideNavigationContorllerAnimatorFade.m in Sources */ = {isa = PBXBuildFile; fileRef = B65FCC761AB0389B00620174 /* SlideNavigationContorllerAnimatorFade.m */; };
		B65FCC851AB0389B00620174 /* SlideNavigationContorllerAnimatorScale.m in Sources */ = {isa = PBXBuildFile; fileRef = B65FCC781AB0389B00620174 /* SlideNavigationContorllerAnimatorScale.m */; };
		B65FCC861AB0389B00620174 /* SlideNavigationContorllerAnimatorScaleAndFade.m in Sources */ = {isa = PBXBuildFile; fileRef = B65FCC7A1AB0389B00620174 /* SlideNavigationContorllerAnimatorScaleAndFade.m */; };
		B65FCC871AB0389B00620174 /* SlideNavigationContorllerAnimatorSlide.m in Sources */ = {isa = PBXBuildFile; fileRef = B65FCC7C1AB0389B00620174 /* SlideNavigationContorllerAnimatorSlide.m */; };
		B65FCC881AB0389B00620174 /* SlideNavigationContorllerAnimatorSlideAndFade.m in Sources */ = {isa = PBXBuildFile; fileRef = B65FCC7E1AB0389B00620174 /* SlideNavigationContorllerAnimatorSlideAndFade.m */; };
		B65FCC891AB0389B00620174 /* menu-button.png in Resources */ = {isa = PBXBuildFile; fileRef = B65FCC801AB0389B00620174 /* menu-button.png */; };
		B65FCC8A1AB0389B00620174 /* menu-button@2x.png in Resources */ = {isa = PBXBuildFile; fileRef = B65FCC811AB0389B00620174 /* menu-button@2x.png */; };
		B65FCC8B1AB0389B00620174 /* SlideNavigationController.m in Sources */ = {isa = PBXBuildFile; fileRef = B65FCC831AB0389B00620174 /* SlideNavigationController.m */; };
		B65FCC8F1AB03A9D00620174 /* LEDLeftTableViewController.m in Sources */ = {isa = PBXBuildFile; fileRef = B65FCC8E1AB03A9D00620174 /* LEDLeftTableViewController.m */; };
		B65FCC9B1AB03C5A00620174 /* SVGloble.m in Sources */ = {isa = PBXBuildFile; fileRef = B65FCC961AB03C5A00620174 /* SVGloble.m */; };
		B65FCC9C1AB03C5A00620174 /* SVRootScrollView.m in Sources */ = {isa = PBXBuildFile; fileRef = B65FCC981AB03C5A00620174 /* SVRootScrollView.m */; };
		B65FCC9D1AB03C5A00620174 /* SVTopScrollView.m in Sources */ = {isa = PBXBuildFile; fileRef = B65FCC9A1AB03C5A00620174 /* SVTopScrollView.m */; };
		B65FCC9F1AB03ED300620174 /* red_line_and_shadow.png in Resources */ = {isa = PBXBuildFile; fileRef = B65FCC9E1AB03ED300620174 /* red_line_and_shadow.png */; };
		B65FCCA11AB03EDA00620174 /* top_background.png in Resources */ = {isa = PBXBuildFile; fileRef = B65FCCA01AB03EDA00620174 /* top_background.png */; };
		B65FCCAE1AB04B8A00620174 /* LEDTableViews.xib in Resources */ = {isa = PBXBuildFile; fileRef = B65FCCAD1AB04B8A00620174 /* LEDTableViews.xib */; };
		B65FCCB11AB04BC100620174 /* LEDFirstTableView.m in Sources */ = {isa = PBXBuildFile; fileRef = B65FCCB01AB04BC100620174 /* LEDFirstTableView.m */; };
		B65FCCB41AB04BD300620174 /* LEDSecondTableView.m in Sources */ = {isa = PBXBuildFile; fileRef = B65FCCB31AB04BD300620174 /* LEDSecondTableView.m */; };
/* End PBXBuildFile section */

/* Begin PBXContainerItemProxy section */
		B65FCC361AB00FA900620174 /* PBXContainerItemProxy */ = {
			isa = PBXContainerItemProxy;
			containerPortal = B65FCC141AB00FA900620174 /* Project object */;
			proxyType = 1;
			remoteGlobalIDString = B65FCC1B1AB00FA900620174;
			remoteInfo = LEDIndustry;
		};
/* End PBXContainerItemProxy section */

/* Begin PBXFileReference section */
		B65FCC1C1AB00FA900620174 /* LEDIndustry.app */ = {isa = PBXFileReference; explicitFileType = wrapper.application; includeInIndex = 0; path = LEDIndustry.app; sourceTree = BUILT_PRODUCTS_DIR; };
		B65FCC201AB00FA900620174 /* Info.plist */ = {isa = PBXFileReference; lastKnownFileType = text.plist.xml; path = Info.plist; sourceTree = "<group>"; };
		B65FCC211AB00FA900620174 /* main.m */ = {isa = PBXFileReference; lastKnownFileType = sourcecode.c.objc; path = main.m; sourceTree = "<group>"; };
		B65FCC231AB00FA900620174 /* AppDelegate.h */ = {isa = PBXFileReference; lastKnownFileType = sourcecode.c.h; path = AppDelegate.h; sourceTree = "<group>"; };
		B65FCC241AB00FA900620174 /* AppDelegate.m */ = {isa = PBXFileReference; lastKnownFileType = sourcecode.c.objc; path = AppDelegate.m; sourceTree = "<group>"; };
		B65FCC261AB00FA900620174 /* ViewController.h */ = {isa = PBXFileReference; lastKnownFileType = sourcecode.c.h; path = ViewController.h; sourceTree = "<group>"; };
		B65FCC271AB00FA900620174 /* ViewController.m */ = {isa = PBXFileReference; lastKnownFileType = sourcecode.c.objc; path = ViewController.m; sourceTree = "<group>"; };
		B65FCC2A1AB00FA900620174 /* Base */ = {isa = PBXFileReference; lastKnownFileType = file.storyboard; name = Base; path = Base.lproj/Main.storyboard; sourceTree = "<group>"; };
		B65FCC2C1AB00FA900620174 /* Images.xcassets */ = {isa = PBXFileReference; lastKnownFileType = folder.assetcatalog; path = Images.xcassets; sourceTree = "<group>"; };
		B65FCC2F1AB00FA900620174 /* Base */ = {isa = PBXFileReference; lastKnownFileType = file.xib; name = Base; path = Base.lproj/LaunchScreen.xib; sourceTree = "<group>"; };
		B65FCC351AB00FA900620174 /* LEDIndustryTests.xctest */ = {isa = PBXFileReference; explicitFileType = wrapper.cfbundle; includeInIndex = 0; path = LEDIndustryTests.xctest; sourceTree = BUILT_PRODUCTS_DIR; };
		B65FCC3A1AB00FA900620174 /* Info.plist */ = {isa = PBXFileReference; lastKnownFileType = text.plist.xml; path = Info.plist; sourceTree = "<group>"; };
		B65FCC3B1AB00FA900620174 /* LEDIndustryTests.m */ = {isa = PBXFileReference; lastKnownFileType = sourcecode.c.objc; path = LEDIndustryTests.m; sourceTree = "<group>"; };
		B65FCC741AB0389B00620174 /* SlideNavigationContorllerAnimator.h */ = {isa = PBXFileReference; fileEncoding = 4; lastKnownFileType = sourcecode.c.h; path = SlideNavigationContorllerAnimator.h; sourceTree = "<group>"; };
		B65FCC751AB0389B00620174 /* SlideNavigationContorllerAnimatorFade.h */ = {isa = PBXFileReference; fileEncoding = 4; lastKnownFileType = sourcecode.c.h; path = SlideNavigationContorllerAnimatorFade.h; sourceTree = "<group>"; };
		B65FCC761AB0389B00620174 /* SlideNavigationContorllerAnimatorFade.m */ = {isa = PBXFileReference; fileEncoding = 4; lastKnownFileType = sourcecode.c.objc; path = SlideNavigationContorllerAnimatorFade.m; sourceTree = "<group>"; };
		B65FCC771AB0389B00620174 /* SlideNavigationContorllerAnimatorScale.h */ = {isa = PBXFileReference; fileEncoding = 4; lastKnownFileType = sourcecode.c.h; path = SlideNavigationContorllerAnimatorScale.h; sourceTree = "<group>"; };
		B65FCC781AB0389B00620174 /* SlideNavigationContorllerAnimatorScale.m */ = {isa = PBXFileReference; fileEncoding = 4; lastKnownFileType = sourcecode.c.objc; path = SlideNavigationContorllerAnimatorScale.m; sourceTree = "<group>"; };
		B65FCC791AB0389B00620174 /* SlideNavigationContorllerAnimatorScaleAndFade.h */ = {isa = PBXFileReference; fileEncoding = 4; lastKnownFileType = sourcecode.c.h; path = SlideNavigationContorllerAnimatorScaleAndFade.h; sourceTree = "<group>"; };
		B65FCC7A1AB0389B00620174 /* SlideNavigationContorllerAnimatorScaleAndFade.m */ = {isa = PBXFileReference; fileEncoding = 4; lastKnownFileType = sourcecode.c.objc; path = SlideNavigationContorllerAnimatorScaleAndFade.m; sourceTree = "<group>"; };
		B65FCC7B1AB0389B00620174 /* SlideNavigationContorllerAnimatorSlide.h */ = {isa = PBXFileReference; fileEncoding = 4; lastKnownFileType = sourcecode.c.h; path = SlideNavigationContorllerAnimatorSlide.h; sourceTree = "<group>"; };
		B65FCC7C1AB0389B00620174 /* SlideNavigationContorllerAnimatorSlide.m */ = {isa = PBXFileReference; fileEncoding = 4; lastKnownFileType = sourcecode.c.objc; path = SlideNavigationContorllerAnimatorSlide.m; sourceTree = "<group>"; };
		B65FCC7D1AB0389B00620174 /* SlideNavigationContorllerAnimatorSlideAndFade.h */ = {isa = PBXFileReference; fileEncoding = 4; lastKnownFileType = sourcecode.c.h; path = SlideNavigationContorllerAnimatorSlideAndFade.h; sourceTree = "<group>"; };
		B65FCC7E1AB0389B00620174 /* SlideNavigationContorllerAnimatorSlideAndFade.m */ = {isa = PBXFileReference; fileEncoding = 4; lastKnownFileType = sourcecode.c.objc; path = SlideNavigationContorllerAnimatorSlideAndFade.m; sourceTree = "<group>"; };
		B65FCC801AB0389B00620174 /* menu-button.png */ = {isa = PBXFileReference; lastKnownFileType = image.png; path = "menu-button.png"; sourceTree = "<group>"; };
		B65FCC811AB0389B00620174 /* menu-button@2x.png */ = {isa = PBXFileReference; lastKnownFileType = image.png; path = "menu-button@2x.png"; sourceTree = "<group>"; };
		B65FCC821AB0389B00620174 /* SlideNavigationController.h */ = {isa = PBXFileReference; fileEncoding = 4; lastKnownFileType = sourcecode.c.h; name = SlideNavigationController.h; path = Vender/SlideMenuController/SlideNavigationController.h; sourceTree = "<group>"; };
		B65FCC831AB0389B00620174 /* SlideNavigationController.m */ = {isa = PBXFileReference; fileEncoding = 4; lastKnownFileType = sourcecode.c.objc; name = SlideNavigationController.m; path = Vender/SlideMenuController/SlideNavigationController.m; sourceTree = "<group>"; };
		B65FCC8D1AB03A9D00620174 /* LEDLeftTableViewController.h */ = {isa = PBXFileReference; fileEncoding = 4; lastKnownFileType = sourcecode.c.h; name = LEDLeftTableViewController.h; path = ViewController/LEDLeftTableViewController.h; sourceTree = "<group>"; };
		B65FCC8E1AB03A9D00620174 /* LEDLeftTableViewController.m */ = {isa = PBXFileReference; fileEncoding = 4; lastKnownFileType = sourcecode.c.objc; name = LEDLeftTableViewController.m; path = ViewController/LEDLeftTableViewController.m; sourceTree = "<group>"; };
		B65FCC951AB03C5A00620174 /* SVGloble.h */ = {isa = PBXFileReference; fileEncoding = 4; lastKnownFileType = sourcecode.c.h; path = SVGloble.h; sourceTree = "<group>"; };
		B65FCC961AB03C5A00620174 /* SVGloble.m */ = {isa = PBXFileReference; fileEncoding = 4; lastKnownFileType = sourcecode.c.objc; path = SVGloble.m; sourceTree = "<group>"; };
		B65FCC971AB03C5A00620174 /* SVRootScrollView.h */ = {isa = PBXFileReference; fileEncoding = 4; lastKnownFileType = sourcecode.c.h; path = SVRootScrollView.h; sourceTree = "<group>"; };
		B65FCC981AB03C5A00620174 /* SVRootScrollView.m */ = {isa = PBXFileReference; fileEncoding = 4; lastKnownFileType = sourcecode.c.objc; path = SVRootScrollView.m; sourceTree = "<group>"; };
		B65FCC991AB03C5A00620174 /* SVTopScrollView.h */ = {isa = PBXFileReference; fileEncoding = 4; lastKnownFileType = sourcecode.c.h; path = SVTopScrollView.h; sourceTree = "<group>"; };
		B65FCC9A1AB03C5A00620174 /* SVTopScrollView.m */ = {isa = PBXFileReference; fileEncoding = 4; lastKnownFileType = sourcecode.c.objc; path = SVTopScrollView.m; sourceTree = "<group>"; };
		B65FCC9E1AB03ED300620174 /* red_line_and_shadow.png */ = {isa = PBXFileReference; lastKnownFileType = image.png; path = red_line_and_shadow.png; sourceTree = "<group>"; };
		B65FCCA01AB03EDA00620174 /* top_background.png */ = {isa = PBXFileReference; lastKnownFileType = image.png; path = top_background.png; sourceTree = "<group>"; };
		B65FCCA31AB03F4D00620174 /* Macro.h */ = {isa = PBXFileReference; fileEncoding = 4; lastKnownFileType = sourcecode.c.h; path = Macro.h; sourceTree = "<group>"; };
		B65FCCA41AB03F9F00620174 /* PrefixHeader.pch */ = {isa = PBXFileReference; fileEncoding = 4; lastKnownFileType = sourcecode.c.h; path = PrefixHeader.pch; sourceTree = "<group>"; };
		B65FCCAD1AB04B8A00620174 /* LEDTableViews.xib */ = {isa = PBXFileReference; fileEncoding = 4; lastKnownFileType = file.xib; name = LEDTableViews.xib; path = ViewController/LEDTableViewControllers/LEDTableViews.xib; sourceTree = "<group>"; };
		B65FCCAF1AB04BC100620174 /* LEDFirstTableView.h */ = {isa = PBXFileReference; fileEncoding = 4; lastKnownFileType = sourcecode.c.h; name = LEDFirstTableView.h; path = ViewController/LEDTableViewControllers/LEDFirstTableView.h; sourceTree = "<group>"; };
		B65FCCB01AB04BC100620174 /* LEDFirstTableView.m */ = {isa = PBXFileReference; fileEncoding = 4; lastKnownFileType = sourcecode.c.objc; name = LEDFirstTableView.m; path = ViewController/LEDTableViewControllers/LEDFirstTableView.m; sourceTree = "<group>"; };
		B65FCCB21AB04BD300620174 /* LEDSecondTableView.h */ = {isa = PBXFileReference; fileEncoding = 4; lastKnownFileType = sourcecode.c.h; name = LEDSecondTableView.h; path = ViewController/LEDTableViewControllers/LEDSecondTableView.h; sourceTree = "<group>"; };
		B65FCCB31AB04BD300620174 /* LEDSecondTableView.m */ = {isa = PBXFileReference; fileEncoding = 4; lastKnownFileType = sourcecode.c.objc; name = LEDSecondTableView.m; path = ViewController/LEDTableViewControllers/LEDSecondTableView.m; sourceTree = "<group>"; };
/* End PBXFileReference section */

/* Begin PBXFrameworksBuildPhase section */
		B65FCC191AB00FA900620174 /* Frameworks */ = {
			isa = PBXFrameworksBuildPhase;
			buildActionMask = 2147483647;
			files = (
			);
			runOnlyForDeploymentPostprocessing = 0;
		};
		B65FCC321AB00FA900620174 /* Frameworks */ = {
			isa = PBXFrameworksBuildPhase;
			buildActionMask = 2147483647;
			files = (
			);
			runOnlyForDeploymentPostprocessing = 0;
		};
/* End PBXFrameworksBuildPhase section */

/* Begin PBXGroup section */
		B65FCC131AB00FA900620174 = {
			isa = PBXGroup;
			children = (
				B65FCC1E1AB00FA900620174 /* LEDIndustry */,
				B65FCC381AB00FA900620174 /* LEDIndustryTests */,
				B65FCC1D1AB00FA900620174 /* Products */,
			);
			sourceTree = "<group>";
		};
		B65FCC1D1AB00FA900620174 /* Products */ = {
			isa = PBXGroup;
			children = (
				B65FCC1C1AB00FA900620174 /* LEDIndustry.app */,
				B65FCC351AB00FA900620174 /* LEDIndustryTests.xctest */,
			);
			name = Products;
			sourceTree = "<group>";
		};
		B65FCC1E1AB00FA900620174 /* LEDIndustry */ = {
			isa = PBXGroup;
			children = (
				B65FCCA21AB03F4200620174 /* Macro */,
				B65FCC8C1AB03A2900620174 /* ViewController */,
				B65FCC451AB037C400620174 /* Vender */,
				B65FCC231AB00FA900620174 /* AppDelegate.h */,
				B65FCC241AB00FA900620174 /* AppDelegate.m */,
				B65FCC261AB00FA900620174 /* ViewController.h */,
				B65FCC271AB00FA900620174 /* ViewController.m */,
				B65FCC291AB00FA900620174 /* Main.storyboard */,
				B65FCC2C1AB00FA900620174 /* Images.xcassets */,
				B65FCC2E1AB00FA900620174 /* LaunchScreen.xib */,
				B65FCC1F1AB00FA900620174 /* Supporting Files */,
			);
			path = LEDIndustry;
			sourceTree = "<group>";
		};
		B65FCC1F1AB00FA900620174 /* Supporting Files */ = {
			isa = PBXGroup;
			children = (
				B65FCC201AB00FA900620174 /* Info.plist */,
				B65FCC211AB00FA900620174 /* main.m */,
				B65FCCA41AB03F9F00620174 /* PrefixHeader.pch */,
			);
			name = "Supporting Files";
			sourceTree = "<group>";
		};
		B65FCC381AB00FA900620174 /* LEDIndustryTests */ = {
			isa = PBXGroup;
			children = (
				B65FCC3B1AB00FA900620174 /* LEDIndustryTests.m */,
				B65FCC391AB00FA900620174 /* Supporting Files */,
			);
			path = LEDIndustryTests;
			sourceTree = "<group>";
		};
		B65FCC391AB00FA900620174 /* Supporting Files */ = {
			isa = PBXGroup;
			children = (
				B65FCC3A1AB00FA900620174 /* Info.plist */,
			);
			name = "Supporting Files";
			sourceTree = "<group>";
		};
		B65FCC451AB037C400620174 /* Vender */ = {
			isa = PBXGroup;
			children = (
				B65FCC941AB03C5A00620174 /* SlideScrollView */,
				B65FCC461AB037CB00620174 /* SlideMenuController */,
			);
			name = Vender;
			sourceTree = "<group>";
		};
		B65FCC461AB037CB00620174 /* SlideMenuController */ = {
			isa = PBXGroup;
			children = (
				B65FCC731AB0389B00620174 /* Animations */,
				B65FCC7F1AB0389B00620174 /* Assets */,
				B65FCC821AB0389B00620174 /* SlideNavigationController.h */,
				B65FCC831AB0389B00620174 /* SlideNavigationController.m */,
			);
			name = SlideMenuController;
			sourceTree = "<group>";
		};
		B65FCC731AB0389B00620174 /* Animations */ = {
			isa = PBXGroup;
			children = (
				B65FCC741AB0389B00620174 /* SlideNavigationContorllerAnimator.h */,
				B65FCC751AB0389B00620174 /* SlideNavigationContorllerAnimatorFade.h */,
				B65FCC761AB0389B00620174 /* SlideNavigationContorllerAnimatorFade.m */,
				B65FCC771AB0389B00620174 /* SlideNavigationContorllerAnimatorScale.h */,
				B65FCC781AB0389B00620174 /* SlideNavigationContorllerAnimatorScale.m */,
				B65FCC791AB0389B00620174 /* SlideNavigationContorllerAnimatorScaleAndFade.h */,
				B65FCC7A1AB0389B00620174 /* SlideNavigationContorllerAnimatorScaleAndFade.m */,
				B65FCC7B1AB0389B00620174 /* SlideNavigationContorllerAnimatorSlide.h */,
				B65FCC7C1AB0389B00620174 /* SlideNavigationContorllerAnimatorSlide.m */,
				B65FCC7D1AB0389B00620174 /* SlideNavigationContorllerAnimatorSlideAndFade.h */,
				B65FCC7E1AB0389B00620174 /* SlideNavigationContorllerAnimatorSlideAndFade.m */,
			);
			name = Animations;
			path = Vender/SlideMenuController/Animations;
			sourceTree = "<group>";
		};
		B65FCC7F1AB0389B00620174 /* Assets */ = {
			isa = PBXGroup;
			children = (
				B65FCC801AB0389B00620174 /* menu-button.png */,
				B65FCC811AB0389B00620174 /* menu-button@2x.png */,
			);
			name = Assets;
			path = Vender/SlideMenuController/Assets;
			sourceTree = "<group>";
		};
		B65FCC8C1AB03A2900620174 /* ViewController */ = {
			isa = PBXGroup;
			children = (
				B65FCCA61AB0497700620174 /* LEDTableViewControllers */,
				B65FCCA51AB0496600620174 /* LEDLeftTableViewController */,
			);
			name = ViewController;
			sourceTree = "<group>";
		};
		B65FCC941AB03C5A00620174 /* SlideScrollView */ = {
			isa = PBXGroup;
			children = (
				B65FCCA01AB03EDA00620174 /* top_background.png */,
				B65FCC9E1AB03ED300620174 /* red_line_and_shadow.png */,
				B65FCC951AB03C5A00620174 /* SVGloble.h */,
				B65FCC961AB03C5A00620174 /* SVGloble.m */,
				B65FCC971AB03C5A00620174 /* SVRootScrollView.h */,
				B65FCC981AB03C5A00620174 /* SVRootScrollView.m */,
				B65FCC991AB03C5A00620174 /* SVTopScrollView.h */,
				B65FCC9A1AB03C5A00620174 /* SVTopScrollView.m */,
			);
			name = SlideScrollView;
			path = Vender/SlideScrollView;
			sourceTree = "<group>";
		};
		B65FCCA21AB03F4200620174 /* Macro */ = {
			isa = PBXGroup;
			children = (
				B65FCCA31AB03F4D00620174 /* Macro.h */,
			);
			name = Macro;
			sourceTree = "<group>";
		};
		B65FCCA51AB0496600620174 /* LEDLeftTableViewController */ = {
			isa = PBXGroup;
			children = (
				B65FCC8D1AB03A9D00620174 /* LEDLeftTableViewController.h */,
				B65FCC8E1AB03A9D00620174 /* LEDLeftTableViewController.m */,
			);
			name = LEDLeftTableViewController;
			sourceTree = "<group>";
		};
		B65FCCA61AB0497700620174 /* LEDTableViewControllers */ = {
			isa = PBXGroup;
			children = (
				B65FCCAD1AB04B8A00620174 /* LEDTableViews.xib */,
				B65FCCAF1AB04BC100620174 /* LEDFirstTableView.h */,
				B65FCCB01AB04BC100620174 /* LEDFirstTableView.m */,
				B65FCCB21AB04BD300620174 /* LEDSecondTableView.h */,
				B65FCCB31AB04BD300620174 /* LEDSecondTableView.m */,
			);
			name = LEDTableViewControllers;
			sourceTree = "<group>";
		};
/* End PBXGroup section */

/* Begin PBXNativeTarget section */
		B65FCC1B1AB00FA900620174 /* LEDIndustry */ = {
			isa = PBXNativeTarget;
			buildConfigurationList = B65FCC3F1AB00FA900620174 /* Build configuration list for PBXNativeTarget "LEDIndustry" */;
			buildPhases = (
				B65FCC181AB00FA900620174 /* Sources */,
				B65FCC191AB00FA900620174 /* Frameworks */,
				B65FCC1A1AB00FA900620174 /* Resources */,
			);
			buildRules = (
			);
			dependencies = (
			);
			name = LEDIndustry;
			productName = LEDIndustry;
			productReference = B65FCC1C1AB00FA900620174 /* LEDIndustry.app */;
			productType = "com.apple.product-type.application";
		};
		B65FCC341AB00FA900620174 /* LEDIndustryTests */ = {
			isa = PBXNativeTarget;
			buildConfigurationList = B65FCC421AB00FA900620174 /* Build configuration list for PBXNativeTarget "LEDIndustryTests" */;
			buildPhases = (
				B65FCC311AB00FA900620174 /* Sources */,
				B65FCC321AB00FA900620174 /* Frameworks */,
				B65FCC331AB00FA900620174 /* Resources */,
			);
			buildRules = (
			);
			dependencies = (
				B65FCC371AB00FA900620174 /* PBXTargetDependency */,
			);
			name = LEDIndustryTests;
			productName = LEDIndustryTests;
			productReference = B65FCC351AB00FA900620174 /* LEDIndustryTests.xctest */;
			productType = "com.apple.product-type.bundle.unit-test";
		};
/* End PBXNativeTarget section */

/* Begin PBXProject section */
		B65FCC141AB00FA900620174 /* Project object */ = {
			isa = PBXProject;
			attributes = {
				LastUpgradeCheck = 0610;
				ORGANIZATIONNAME = hsh;
				TargetAttributes = {
					B65FCC1B1AB00FA900620174 = {
						CreatedOnToolsVersion = 6.1.1;
					};
					B65FCC341AB00FA900620174 = {
						CreatedOnToolsVersion = 6.1.1;
						TestTargetID = B65FCC1B1AB00FA900620174;
					};
				};
			};
			buildConfigurationList = B65FCC171AB00FA900620174 /* Build configuration list for PBXProject "LEDIndustry" */;
			compatibilityVersion = "Xcode 3.2";
			developmentRegion = English;
			hasScannedForEncodings = 0;
			knownRegions = (
				en,
				Base,
			);
			mainGroup = B65FCC131AB00FA900620174;
			productRefGroup = B65FCC1D1AB00FA900620174 /* Products */;
			projectDirPath = "";
			projectRoot = "";
			targets = (
				B65FCC1B1AB00FA900620174 /* LEDIndustry */,
				B65FCC341AB00FA900620174 /* LEDIndustryTests */,
			);
		};
/* End PBXProject section */

/* Begin PBXResourcesBuildPhase section */
		B65FCC1A1AB00FA900620174 /* Resources */ = {
			isa = PBXResourcesBuildPhase;
			buildActionMask = 2147483647;
			files = (
				B65FCC891AB0389B00620174 /* menu-button.png in Resources */,
				B65FCC2B1AB00FA900620174 /* Main.storyboard in Resources */,
				B65FCC301AB00FA900620174 /* LaunchScreen.xib in Resources */,
				B65FCC8A1AB0389B00620174 /* menu-button@2x.png in Resources */,
				B65FCCA11AB03EDA00620174 /* top_background.png in Resources */,
				B65FCCAE1AB04B8A00620174 /* LEDTableViews.xib in Resources */,
				B65FCC2D1AB00FA900620174 /* Images.xcassets in Resources */,
				B65FCC9F1AB03ED300620174 /* red_line_and_shadow.png in Resources */,
			);
			runOnlyForDeploymentPostprocessing = 0;
		};
		B65FCC331AB00FA900620174 /* Resources */ = {
			isa = PBXResourcesBuildPhase;
			buildActionMask = 2147483647;
			files = (
			);
			runOnlyForDeploymentPostprocessing = 0;
		};
/* End PBXResourcesBuildPhase section */

/* Begin PBXSourcesBuildPhase section */
		B65FCC181AB00FA900620174 /* Sources */ = {
			isa = PBXSourcesBuildPhase;
			buildActionMask = 2147483647;
			files = (
				B65FCC281AB00FA900620174 /* ViewController.m in Sources */,
				B65FCC9D1AB03C5A00620174 /* SVTopScrollView.m in Sources */,
				B65FCC9B1AB03C5A00620174 /* SVGloble.m in Sources */,
				B65FCC861AB0389B00620174 /* SlideNavigationContorllerAnimatorScaleAndFade.m in Sources */,
				B65FCCB41AB04BD300620174 /* LEDSecondTableView.m in Sources */,
				B65FCC871AB0389B00620174 /* SlideNavigationContorllerAnimatorSlide.m in Sources */,
				B65FCC8B1AB0389B00620174 /* SlideNavigationController.m in Sources */,
				B65FCC841AB0389B00620174 /* SlideNavigationContorllerAnimatorFade.m in Sources */,
				B65FCC881AB0389B00620174 /* SlideNavigationContorllerAnimatorSlideAndFade.m in Sources */,
				B65FCC251AB00FA900620174 /* AppDelegate.m in Sources */,
				B65FCC9C1AB03C5A00620174 /* SVRootScrollView.m in Sources */,
				B65FCC8F1AB03A9D00620174 /* LEDLeftTableViewController.m in Sources */,
				B65FCC851AB0389B00620174 /* SlideNavigationContorllerAnimatorScale.m in Sources */,
				B65FCCB11AB04BC100620174 /* LEDFirstTableView.m in Sources */,
				B65FCC221AB00FA900620174 /* main.m in Sources */,
			);
			runOnlyForDeploymentPostprocessing = 0;
		};
		B65FCC311AB00FA900620174 /* Sources */ = {
			isa = PBXSourcesBuildPhase;
			buildActionMask = 2147483647;
			files = (
				B65FCC3C1AB00FA900620174 /* LEDIndustryTests.m in Sources */,
			);
			runOnlyForDeploymentPostprocessing = 0;
		};
/* End PBXSourcesBuildPhase section */

/* Begin PBXTargetDependency section */
		B65FCC371AB00FA900620174 /* PBXTargetDependency */ = {
			isa = PBXTargetDependency;
			target = B65FCC1B1AB00FA900620174 /* LEDIndustry */;
			targetProxy = B65FCC361AB00FA900620174 /* PBXContainerItemProxy */;
		};
/* End PBXTargetDependency section */

/* Begin PBXVariantGroup section */
		B65FCC291AB00FA900620174 /* Main.storyboard */ = {
			isa = PBXVariantGroup;
			children = (
				B65FCC2A1AB00FA900620174 /* Base */,
			);
			name = Main.storyboard;
			sourceTree = "<group>";
		};
		B65FCC2E1AB00FA900620174 /* LaunchScreen.xib */ = {
			isa = PBXVariantGroup;
			children = (
				B65FCC2F1AB00FA900620174 /* Base */,
			);
			name = LaunchScreen.xib;
			sourceTree = "<group>";
		};
/* End PBXVariantGroup section */

/* Begin XCBuildConfiguration section */
		B65FCC3D1AB00FA900620174 /* Debug */ = {
			isa = XCBuildConfiguration;
			buildSettings = {
				ALWAYS_SEARCH_USER_PATHS = NO;
				CLANG_CXX_LANGUAGE_STANDARD = "gnu++0x";
				CLANG_CXX_LIBRARY = "libc++";
				CLANG_ENABLE_MODULES = YES;
				CLANG_ENABLE_OBJC_ARC = YES;
				CLANG_WARN_BOOL_CONVERSION = YES;
				CLANG_WARN_CONSTANT_CONVERSION = YES;
				CLANG_WARN_DIRECT_OBJC_ISA_USAGE = YES_ERROR;
				CLANG_WARN_EMPTY_BODY = YES;
				CLANG_WARN_ENUM_CONVERSION = YES;
				CLANG_WARN_INT_CONVERSION = YES;
				CLANG_WARN_OBJC_ROOT_CLASS = YES_ERROR;
				CLANG_WARN_UNREACHABLE_CODE = YES;
				CLANG_WARN__DUPLICATE_METHOD_MATCH = YES;
				"CODE_SIGN_IDENTITY[sdk=iphoneos*]" = "iPhone Developer";
				COPY_PHASE_STRIP = NO;
				ENABLE_STRICT_OBJC_MSGSEND = YES;
				GCC_C_LANGUAGE_STANDARD = gnu99;
				GCC_DYNAMIC_NO_PIC = NO;
				GCC_OPTIMIZATION_LEVEL = 0;
				GCC_PREPROCESSOR_DEFINITIONS = (
					"DEBUG=1",
					"$(inherited)",
				);
				GCC_SYMBOLS_PRIVATE_EXTERN = NO;
				GCC_WARN_64_TO_32_BIT_CONVERSION = YES;
				GCC_WARN_ABOUT_RETURN_TYPE = YES_ERROR;
				GCC_WARN_UNDECLARED_SELECTOR = YES;
				GCC_WARN_UNINITIALIZED_AUTOS = YES_AGGRESSIVE;
				GCC_WARN_UNUSED_FUNCTION = YES;
				GCC_WARN_UNUSED_VARIABLE = YES;
				IPHONEOS_DEPLOYMENT_TARGET = 8.1;
				MTL_ENABLE_DEBUG_INFO = YES;
				ONLY_ACTIVE_ARCH = YES;
				SDKROOT = iphoneos;
			};
			name = Debug;
		};
		B65FCC3E1AB00FA900620174 /* Release */ = {
			isa = XCBuildConfiguration;
			buildSettings = {
				ALWAYS_SEARCH_USER_PATHS = NO;
				CLANG_CXX_LANGUAGE_STANDARD = "gnu++0x";
				CLANG_CXX_LIBRARY = "libc++";
				CLANG_ENABLE_MODULES = YES;
				CLANG_ENABLE_OBJC_ARC = YES;
				CLANG_WARN_BOOL_CONVERSION = YES;
				CLANG_WARN_CONSTANT_CONVERSION = YES;
				CLANG_WARN_DIRECT_OBJC_ISA_USAGE = YES_ERROR;
				CLANG_WARN_EMPTY_BODY = YES;
				CLANG_WARN_ENUM_CONVERSION = YES;
				CLANG_WARN_INT_CONVERSION = YES;
				CLANG_WARN_OBJC_ROOT_CLASS = YES_ERROR;
				CLANG_WARN_UNREACHABLE_CODE = YES;
				CLANG_WARN__DUPLICATE_METHOD_MATCH = YES;
				"CODE_SIGN_IDENTITY[sdk=iphoneos*]" = "iPhone Developer";
				COPY_PHASE_STRIP = YES;
				ENABLE_NS_ASSERTIONS = NO;
				ENABLE_STRICT_OBJC_MSGSEND = YES;
				GCC_C_LANGUAGE_STANDARD = gnu99;
				GCC_WARN_64_TO_32_BIT_CONVERSION = YES;
				GCC_WARN_ABOUT_RETURN_TYPE = YES_ERROR;
				GCC_WARN_UNDECLARED_SELECTOR = YES;
				GCC_WARN_UNINITIALIZED_AUTOS = YES_AGGRESSIVE;
				GCC_WARN_UNUSED_FUNCTION = YES;
				GCC_WARN_UNUSED_VARIABLE = YES;
				IPHONEOS_DEPLOYMENT_TARGET = 8.1;
				MTL_ENABLE_DEBUG_INFO = NO;
				SDKROOT = iphoneos;
				VALIDATE_PRODUCT = YES;
			};
			name = Release;
		};
		B65FCC401AB00FA900620174 /* Debug */ = {
			isa = XCBuildConfiguration;
			buildSettings = {
				ASSETCATALOG_COMPILER_APPICON_NAME = AppIcon;
				GCC_PREFIX_HEADER = "$(SRCROOT)/LEDIndustry/PrefixHeader.pch";
				INFOPLIST_FILE = LEDIndustry/Info.plist;
				LD_RUNPATH_SEARCH_PATHS = "$(inherited) @executable_path/Frameworks";
				PRODUCT_NAME = "$(TARGET_NAME)";
			};
			name = Debug;
		};
		B65FCC411AB00FA900620174 /* Release */ = {
			isa = XCBuildConfiguration;
			buildSettings = {
				ASSETCATALOG_COMPILER_APPICON_NAME = AppIcon;
				GCC_PREFIX_HEADER = "$(SRCROOT)/LEDIndustry/PrefixHeader.pch";
				INFOPLIST_FILE = LEDIndustry/Info.plist;
				LD_RUNPATH_SEARCH_PATHS = "$(inherited) @executable_path/Frameworks";
				PRODUCT_NAME = "$(TARGET_NAME)";
			};
			name = Release;
		};
		B65FCC431AB00FA900620174 /* Debug */ = {
			isa = XCBuildConfiguration;
			buildSettings = {
				BUNDLE_LOADER = "$(TEST_HOST)";
				FRAMEWORK_SEARCH_PATHS = (
					"$(SDKROOT)/Developer/Library/Frameworks",
					"$(inherited)",
				);
				GCC_PREPROCESSOR_DEFINITIONS = (
					"DEBUG=1",
					"$(inherited)",
				);
				INFOPLIST_FILE = LEDIndustryTests/Info.plist;
				LD_RUNPATH_SEARCH_PATHS = "$(inherited) @executable_path/Frameworks @loader_path/Frameworks";
				PRODUCT_NAME = "$(TARGET_NAME)";
				TEST_HOST = "$(BUILT_PRODUCTS_DIR)/LEDIndustry.app/LEDIndustry";
			};
			name = Debug;
		};
		B65FCC441AB00FA900620174 /* Release */ = {
			isa = XCBuildConfiguration;
			buildSettings = {
				BUNDLE_LOADER = "$(TEST_HOST)";
				FRAMEWORK_SEARCH_PATHS = (
					"$(SDKROOT)/Developer/Library/Frameworks",
					"$(inherited)",
				);
				INFOPLIST_FILE = LEDIndustryTests/Info.plist;
				LD_RUNPATH_SEARCH_PATHS = "$(inherited) @executable_path/Frameworks @loader_path/Frameworks";
				PRODUCT_NAME = "$(TARGET_NAME)";
				TEST_HOST = "$(BUILT_PRODUCTS_DIR)/LEDIndustry.app/LEDIndustry";
			};
			name = Release;
		};
/* End XCBuildConfiguration section */

/* Begin XCConfigurationList section */
		B65FCC171AB00FA900620174 /* Build configuration list for PBXProject "LEDIndustry" */ = {
			isa = XCConfigurationList;
			buildConfigurations = (
				B65FCC3D1AB00FA900620174 /* Debug */,
				B65FCC3E1AB00FA900620174 /* Release */,
			);
			defaultConfigurationIsVisible = 0;
			defaultConfigurationName = Release;
		};
		B65FCC3F1AB00FA900620174 /* Build configuration list for PBXNativeTarget "LEDIndustry" */ = {
			isa = XCConfigurationList;
			buildConfigurations = (
				B65FCC401AB00FA900620174 /* Debug */,
				B65FCC411AB00FA900620174 /* Release */,
			);
			defaultConfigurationIsVisible = 0;
			defaultConfigurationName = Release;
		};
		B65FCC421AB00FA900620174 /* Build configuration list for PBXNativeTarget "LEDIndustryTests" */ = {
			isa = XCConfigurationList;
			buildConfigurations = (
				B65FCC431AB00FA900620174 /* Debug */,
				B65FCC441AB00FA900620174 /* Release */,
			);
			defaultConfigurationIsVisible = 0;
			defaultConfigurationName = Release;
		};
/* End XCConfigurationList section */
	};
	rootObject = B65FCC141AB00FA900620174 /* Project object */;
}
